Microsoft Visual Studio Solution File, Format Version 12.00
# Visual Studio Version 17
VisualStudioVersion = 17.5.2.0
MinimumVisualStudioVersion = 10.0.40219.1
Project("{2150E333-8FDC-42A3-9474-1A3956D46DE8}") = "tests", "tests", "{0AB3BF05-4346-4AA6-1389-037BE0695223}"
EndProject
Project("{2150E333-8FDC-42A3-9474-1A3956D46DE8}") = "generated", "generated", "{10872A52-0024-0064-E5E9-275657532B83}"
EndProject
Project("{2150E333-8FDC-42A3-9474-1A3956D46DE8}") = "tools", "tools", "{07C2787E-EAC7-C090-1BA3-A61EC2A24D84}"
EndProject
Project("{FAE04EC0-301F-11D3-BF4B-00C04F79EFBC}") = "Maliev.MessagingContracts.Tests", "tests\Maliev.MessagingContracts.Tests.csproj", "{127C5D8D-9076-448D-F5B7-FBBEA8ABAD04}"
EndProject
Project("{2150E333-8FDC-42A3-9474-1A3956D46DE8}") = "csharp", "csharp", "{D96234F5-FDE6-653C-2723-39C96D22AF30}"
EndProject
Project("{FAE04EC0-301F-11D3-BF4B-00C04F79EFBC}") = "Maliev.MessagingContracts", "generated\csharp\Maliev.MessagingContracts.csproj", "{D7B5B24F-BE99-A44C-5803-6E18DF297DF9}"
EndProject
Project("{FAE04EC0-301F-11D3-BF4B-00C04F79EFBC}") = "Generator", "tools\Generator\Generator.csproj", "{DCC6563F-6D02-FA09-A747-C0B4897C2744}"
EndProject
Global
	GlobalSection(SolutionConfigurationPlatforms) = preSolution
		Debug|Any CPU = Debug|Any CPU
		Release|Any CPU = Release|Any CPU
	EndGlobalSection
	GlobalSection(ProjectConfigurationPlatforms) = postSolution
		{127C5D8D-9076-448D-F5B7-FBBEA8ABAD04}.Debug|Any CPU.ActiveCfg = Debug|Any CPU
		{127C5D8D-9076-448D-F5B7-FBBEA8ABAD04}.Debug|Any CPU.Build.0 = Debug|Any CPU
		{127C5D8D-9076-448D-F5B7-FBBEA8ABAD04}.Release|Any CPU.ActiveCfg = Release|Any CPU
		{127C5D8D-9076-448D-F5B7-FBBEA8ABAD04}.Release|Any CPU.Build.0 = Release|Any CPU
		{D7B5B24F-BE99-A44C-5803-6E18DF297DF9}.Debug|Any CPU.ActiveCfg = Debug|Any CPU
		{D7B5B24F-BE99-A44C-5803-6E18DF297DF9}.Debug|Any CPU.Build.0 = Debug|Any CPU
		{D7B5B24F-BE99-A44C-5803-6E18DF297DF9}.Release|Any CPU.ActiveCfg = Release|Any CPU
		{D7B5B24F-BE99-A44C-5803-6E18DF297DF9}.Release|Any CPU.Build.0 = Release|Any CPU
		{DCC6563F-6D02-FA09-A747-C0B4897C2744}.Debug|Any CPU.ActiveCfg = Debug|Any CPU
		{DCC6563F-6D02-FA09-A747-C0B4897C2744}.Debug|Any CPU.Build.0 = Debug|Any CPU
		{DCC6563F-6D02-FA09-A747-C0B4897C2744}.Release|Any CPU.ActiveCfg = Release|Any CPU
		{DCC6563F-6D02-FA09-A747-C0B4897C2744}.Release|Any CPU.Build.0 = Release|Any CPU
	EndGlobalSection
	GlobalSection(SolutionProperties) = preSolution
		HideSolutionNode = FALSE
	EndGlobalSection
	GlobalSection(NestedProjects) = preSolution
		{127C5D8D-9076-448D-F5B7-FBBEA8ABAD04} = {0AB3BF05-4346-4AA6-1389-037BE0695223}
		{D96234F5-FDE6-653C-2723-39C96D22AF30} = {10872A52-0024-0064-E5E9-275657532B83}
		{D7B5B24F-BE99-A44C-5803-6E18DF297DF9} = {D96234F5-FDE6-653C-2723-39C96D22AF30}
		{DCC6563F-6D02-FA09-A747-C0B4897C2744} = {07C2787E-EAC7-C090-1BA3-A61EC2A24D84}
	EndGlobalSection
	GlobalSection(ExtensibilityGlobals) = postSolution
		SolutionGuid = {D4270501-CD30-4ED0-AD5E-7C7C3854E867}
	EndGlobalSection
EndGlobal
