<Solution>
  <Folder Name="/generated/">
    <Folder Name="/csharp/">
      <Project Path="generated\csharp\Maliev.MessagingContracts.csproj" />
    </Folder>
  </Folder>
  <Project Path="Maliev.MessagingContracts.Tests\Maliev.MessagingContracts.Tests.csproj" />
  <Folder Name="/tools/">
    <Project Path="tools\Generator\Generator.csproj" />
  </Folder>
</Solution>
